# This file is autogenerated, do not edit; changes may be undone by the next 'dep ensure'.


[[projects]]
  branch = "master"
  digest = "1:547547252efac5c22f13922a38e05c3991cf766126963ad3f1811ff172677186"
  name = "github.com/advantageous/go-logback"
  packages = ["logging"]
  pruneopts = "UT"
  revision = "6db19679ca3ece9ca27a3d4e5f1f6608f044a937"

[[projects]]
  branch = "master"
  digest = "1:95b5154785256bbfee733876425a3152a1f61ba7d631782605c2b074ab933bac"
  name = "github.com/advantageous/go-qbit"
  packages = ["qbit"]
  pruneopts = "UT"
  revision = "936ec5f2e3c9638d45c262426879d62e02ae67be"

[[projects]]
  digest = "1:ef45f05887fc8f57aece491baa53e93dd058a8ccc2e3498328a46798a2610ca7"
  name = "github.com/advantageous/systemd-cloud-watch"
  packages = ["cloud-watch"]
  pruneopts = "UT"
  revision = "863a47b0e4f4b4c4d3fa2f44c2672e9ad1d49598"
  version = "v0.2.1"

[[projects]]
  digest = "1:ac7f7e0c83d274f41c85488a3ea191ff22f7533db9e8d8a08538c43cf0a03366"
  name = "github.com/aws/aws-sdk-go"
  packages = [
    "aws",
    "aws/awserr",
    "aws/awsutil",
    "aws/client",
    "aws/client/metadata",
    "aws/corehandlers",
    "aws/credentials",
    "aws/credentials/ec2rolecreds",
    "aws/credentials/endpointcreds",
    "aws/credentials/stscreds",
    "aws/csm",
    "aws/defaults",
    "aws/ec2metadata",
    "aws/endpoints",
    "aws/request",
    "aws/session",
    "aws/signer/v4",
    "internal/sdkio",
    "internal/sdkrand",
    "internal/sdkuri",
    "internal/shareddefaults",
    "private/protocol",
    "private/protocol/ec2query",
    "private/protocol/json/jsonutil",
    "private/protocol/jsonrpc",
    "private/protocol/query",
    "private/protocol/query/queryutil",
    "private/protocol/rest",
    "private/protocol/xml/xmlutil",
    "service/cloudwatchlogs",
    "service/ec2",
    "service/sts",
  ]
  pruneopts = "UT"
  revision = "66974140c322f22c1daaf95a18930ea6a9e4d21e"
  version = "v1.15.16"

[[projects]]
  digest = "1:3223537097b17ffbb6ed6f4ac308c0486800fb9c16ceb328e337fe7aaf1cf20d"
  name = "github.com/coreos/go-systemd"
  packages = ["sdjournal"]
  pruneopts = "UT"
  revision = "39ca1b05acc7ad1220e09f133283b8859a8b71ab"
  version = "v17"

[[projects]]
  digest = "1:6e2ff82d2fe11ee35ec8dceb4346b8144a761f1c8655592c4ebe99a92fcec327"
  name = "github.com/coreos/pkg"
  packages = ["dlopen"]
  pruneopts = "UT"
  revision = "97fdf19511ea361ae1c100dd393cc47f8dcfa1e1"
  version = "v4"

[[projects]]
  digest = "1:fe8a03a8222d5b913f256972933d26d24ad7c8286692a42943bc01633cc8fce3"
  name = "github.com/go-ini/ini"
  packages = ["."]
  pruneopts = "UT"
  revision = "358ee7663966325963d4e8b2e1fbd570c5195153"
  version = "v1.38.1"

[[projects]]
  branch = "master"
  digest = "1:12247a2e99a060cc692f6680e5272c8adf0b8f572e6bce0d7095e624c958a240"
  name = "github.com/hashicorp/hcl"
  packages = [
    ".",
    "hcl/ast",
    "hcl/parser",
    "hcl/scanner",
    "hcl/strconv",
    "hcl/token",
    "json/parser",
    "json/scanner",
    "json/token",
  ]
  pruneopts = "UT"
  revision = "ef8a98b0bbce4a65b5aa4c368430a80ddc533168"

[[projects]]
  digest = "1:e22af8c7518e1eab6f2eab2b7d7558927f816262586cd6ed9f349c97a6c285c4"
  name = "github.com/jmespath/go-jmespath"
  packages = ["."]
  pruneopts = "UT"
  revision = "0b12d6b5"

[solve-meta]
  analyzer-name = "dep"
  analyzer-version = 1
  input-imports = [
    "github.com/advantageous/go-logback/logging",
    "github.com/advantageous/go-qbit/qbit",
    "github.com/advantageous/systemd-cloud-watch/cloud-watch",
    "github.com/aws/aws-sdk-go/aws",
    "github.com/aws/aws-sdk-go/aws/awserr",
    "github.com/aws/aws-sdk-go/aws/credentials",
    "github.com/aws/aws-sdk-go/aws/credentials/ec2rolecreds",
    "github.com/aws/aws-sdk-go/aws/ec2metadata",
    "github.com/aws/aws-sdk-go/aws/session",
    "github.com/aws/aws-sdk-go/service/cloudwatchlogs",
    "github.com/aws/aws-sdk-go/service/ec2",
    "github.com/coreos/go-systemd/sdjournal",
    "github.com/hashicorp/hcl",
  ]
  solver-name = "gps-cdcl"
  solver-version = 1
